
Microsoft Visual Studio Solution File, Format Version 12.00
# Visual Studio Version 17
VisualStudioVersion = 17.0.31919.166
MinimumVisualStudioVersion = 10.0.40219.1
Project("{9A19103F-16F7-4668-BE54-9A1E7A4F7556}") = "SmartAspNetCore", "SmartAspNetCore\SmartAspNetCore.csproj", "{5BDE546B-095D-4466-BA59-2CCCF52DE33D}"
EndProject
Project("{2150E333-8FDC-42A3-9474-1A3956D46DE8}") = "Solution Items", "Solution Items", "{AC474845-B698-4577-9A65-E94355830263}"
	ProjectSection(SolutionItems) = preProject
		.gitignore = .gitignore
		README.md = README.md
		LICENSE = LICENSE
		nuget.config = nuget.config
		.editorconfig = .editorconfig
	EndProjectSection
EndProject
Global
	GlobalSection(SolutionConfigurationPlatforms) = preSolution
		Debug|Any CPU = Debug|Any CPU
		Release|Any CPU = Release|Any CPU
	EndGlobalSection
	GlobalSection(ProjectConfigurationPlatforms) = postSolution
		{5BDE546B-095D-4466-BA59-2CCCF52DE33D}.Debug|Any CPU.ActiveCfg = Debug|Any CPU
		{5BDE546B-095D-4466-BA59-2CCCF52DE33D}.Debug|Any CPU.Build.0 = Debug|Any CPU
		{5BDE546B-095D-4466-BA59-2CCCF52DE33D}.Release|Any CPU.ActiveCfg = Release|Any CPU
		{5BDE546B-095D-4466-BA59-2CCCF52DE33D}.Release|Any CPU.Build.0 = Release|Any CPU
	EndGlobalSection
	GlobalSection(SolutionProperties) = preSolution
		HideSolutionNode = FALSE
	EndGlobalSection
	GlobalSection(ExtensibilityGlobals) = postSolution
		SolutionGuid = {5055CBE6-E7F1-4856-90F1-016E8BEB98D9}
	EndGlobalSection
EndGlobal
